// !$*UTF8*$!
{
	archiveVersion = 1;
	classes = {
	};
	objectVersion = 48;
	objects = {

/* Begin PBXBuildFile section */
		A45E234E2015EBD3002774D0 /* AppDelegate.swift in Sources */ = {isa = PBXBuildFile; fileRef = A45E234D2015EBD3002774D0 /* AppDelegate.swift */; };
		A45E23502015EBD3002774D0 /* ViewController.swift in Sources */ = {isa = PBXBuildFile; fileRef = A45E234F2015EBD3002774D0 /* ViewController.swift */; };
		A45E23532015EBD3002774D0 /* Main.storyboard in Resources */ = {isa = PBXBuildFile; fileRef = A45E23512015EBD3002774D0 /* Main.storyboard */; };
		A45E23552015EBD3002774D0 /* Assets.xcassets in Resources */ = {isa = PBXBuildFile; fileRef = A45E23542015EBD3002774D0 /* Assets.xcassets */; };
		A45E23582015EBD3002774D0 /* LaunchScreen.storyboard in Resources */ = {isa = PBXBuildFile; fileRef = A45E23562015EBD3002774D0 /* LaunchScreen.storyboard */; };
		A45E23632015EBD3002774D0 /* SWRevealControllerTests.swift in Sources */ = {isa = PBXBuildFile; fileRef = A45E23622015EBD3002774D0 /* SWRevealControllerTests.swift */; };
		A45E236E2015EBD3002774D0 /* SWRevealControllerUITests.swift in Sources */ = {isa = PBXBuildFile; fileRef = A45E236D2015EBD3002774D0 /* SWRevealControllerUITests.swift */; };
		A45E237E2015EBE2002774D0 /* SWRevealViewController.m in Sources */ = {isa = PBXBuildFile; fileRef = A45E237D2015EBE2002774D0 /* SWRevealViewController.m */; };
		A45E23802015EEDB002774D0 /* SidebarTableViewController.swift in Sources */ = {isa = PBXBuildFile; fileRef = A45E237F2015EEDB002774D0 /* SidebarTableViewController.swift */; };
/* End PBXBuildFile section */

/* Begin PBXContainerItemProxy section */
		A45E235F2015EBD3002774D0 /* PBXContainerItemProxy */ = {
			isa = PBXContainerItemProxy;
			containerPortal = A45E23422015EBD3002774D0 /* Project object */;
			proxyType = 1;
			remoteGlobalIDString = A45E23492015EBD3002774D0;
			remoteInfo = SWRevealController;
		};
		A45E236A2015EBD3002774D0 /* PBXContainerItemProxy */ = {
			isa = PBXContainerItemProxy;
			containerPortal = A45E23422015EBD3002774D0 /* Project object */;
			proxyType = 1;
			remoteGlobalIDString = A45E23492015EBD3002774D0;
			remoteInfo = SWRevealController;
		};
/* End PBXContainerItemProxy section */

/* Begin PBXFileReference section */
		A45E234A2015EBD3002774D0 /* SWRevealController.app */ = {isa = PBXFileReference; explicitFileType = wrapper.application; includeInIndex = 0; path = SWRevealController.app; sourceTree = BUILT_PRODUCTS_DIR; };
		A45E234D2015EBD3002774D0 /* AppDelegate.swift */ = {isa = PBXFileReference; lastKnownFileType = sourcecode.swift; path = AppDelegate.swift; sourceTree = "<group>"; };
		A45E234F2015EBD3002774D0 /* ViewController.swift */ = {isa = PBXFileReference; lastKnownFileType = sourcecode.swift; path = ViewController.swift; sourceTree = "<group>"; };
		A45E23522015EBD3002774D0 /* Base */ = {isa = PBXFileReference; lastKnownFileType = file.storyboard; name = Base; path = Base.lproj/Main.storyboard; sourceTree = "<group>"; };
		A45E23542015EBD3002774D0 /* Assets.xcassets */ = {isa = PBXFileReference; lastKnownFileType = folder.assetcatalog; path = Assets.xcassets; sourceTree = "<group>"; };
		A45E23572015EBD3002774D0 /* Base */ = {isa = PBXFileReference; lastKnownFileType = file.storyboard; name = Base; path = Base.lproj/LaunchScreen.storyboard; sourceTree = "<group>"; };
		A45E23592015EBD3002774D0 /* Info.plist */ = {isa = PBXFileReference; lastKnownFileType = text.plist.xml; path = Info.plist; sourceTree = "<group>"; };
		A45E235E2015EBD3002774D0 /* SWRevealControllerTests.xctest */ = {isa = PBXFileReference; explicitFileType = wrapper.cfbundle; includeInIndex = 0; path = SWRevealControllerTests.xctest; sourceTree = BUILT_PRODUCTS_DIR; };
		A45E23622015EBD3002774D0 /* SWRevealControllerTests.swift */ = {isa = PBXFileReference; lastKnownFileType = sourcecode.swift; path = SWRevealControllerTests.swift; sourceTree = "<group>"; };
		A45E23642015EBD3002774D0 /* Info.plist */ = {isa = PBXFileReference; lastKnownFileType = text.plist.xml; path = Info.plist; sourceTree = "<group>"; };
		A45E23692015EBD3002774D0 /* SWRevealControllerUITests.xctest */ = {isa = PBXFileReference; explicitFileType = wrapper.cfbundle; includeInIndex = 0; path = SWRevealControllerUITests.xctest; sourceTree = BUILT_PRODUCTS_DIR; };
		A45E236D2015EBD3002774D0 /* SWRevealControllerUITests.swift */ = {isa = PBXFileReference; lastKnownFileType = sourcecode.swift; path = SWRevealControllerUITests.swift; sourceTree = "<group>"; };
		A45E236F2015EBD3002774D0 /* Info.plist */ = {isa = PBXFileReference; lastKnownFileType = text.plist.xml; path = Info.plist; sourceTree = "<group>"; };
		A45E237B2015EBE1002774D0 /* SWRevealController-Bridging-Header.h */ = {isa = PBXFileReference; lastKnownFileType = sourcecode.c.h; path = "SWRevealController-Bridging-Header.h"; sourceTree = "<group>"; };
		A45E237C2015EBE2002774D0 /* SWRevealViewController.h */ = {isa = PBXFileReference; fileEncoding = 4; lastKnownFileType = sourcecode.c.h; path = SWRevealViewController.h; sourceTree = "<group>"; };
		A45E237D2015EBE2002774D0 /* SWRevealViewController.m */ = {isa = PBXFileReference; fileEncoding = 4; lastKnownFileType = sourcecode.c.objc; path = SWRevealViewController.m; sourceTree = "<group>"; };
		A45E237F2015EEDB002774D0 /* SidebarTableViewController.swift */ = {isa = PBXFileReference; lastKnownFileType = sourcecode.swift; path = SidebarTableViewController.swift; sourceTree = "<group>"; };
/* End PBXFileReference section */

/* Begin PBXFrameworksBuildPhase section */
		A45E23472015EBD3002774D0 /* Frameworks */ = {
			isa = PBXFrameworksBuildPhase;
			buildActionMask = 2147483647;
			files = (
			);
			runOnlyForDeploymentPostprocessing = 0;
		};
		A45E235B2015EBD3002774D0 /* Frameworks */ = {
			isa = PBXFrameworksBuildPhase;
			buildActionMask = 2147483647;
			files = (
			);
			runOnlyForDeploymentPostprocessing = 0;
		};
		A45E23662015EBD3002774D0 /* Frameworks */ = {
			isa = PBXFrameworksBuildPhase;
			buildActionMask = 2147483647;
			files = (
			);
			runOnlyForDeploymentPostprocessing = 0;
		};
/* End PBXFrameworksBuildPhase section */

/* Begin PBXGroup section */
		A45E23412015EBD3002774D0 = {
			isa = PBXGroup;
			children = (
				A45E234C2015EBD3002774D0 /* SWRevealController */,
				A45E23612015EBD3002774D0 /* SWRevealControllerTests */,
				A45E236C2015EBD3002774D0 /* SWRevealControllerUITests */,
				A45E234B2015EBD3002774D0 /* Products */,
			);
			sourceTree = "<group>";
		};
		A45E234B2015EBD3002774D0 /* Products */ = {
			isa = PBXGroup;
			children = (
				A45E234A2015EBD3002774D0 /* SWRevealController.app */,
				A45E235E2015EBD3002774D0 /* SWRevealControllerTests.xctest */,
				A45E23692015EBD3002774D0 /* SWRevealControllerUITests.xctest */,
			);
			name = Products;
			sourceTree = "<group>";
		};
		A45E234C2015EBD3002774D0 /* SWRevealController */ = {
			isa = PBXGroup;
			children = (
				A45E234D2015EBD3002774D0 /* AppDelegate.swift */,
				A45E234F2015EBD3002774D0 /* ViewController.swift */,
				A45E23512015EBD3002774D0 /* Main.storyboard */,
				A45E23542015EBD3002774D0 /* Assets.xcassets */,
				A45E23562015EBD3002774D0 /* LaunchScreen.storyboard */,
				A45E237C2015EBE2002774D0 /* SWRevealViewController.h */,
				A45E237D2015EBE2002774D0 /* SWRevealViewController.m */,
				A45E23592015EBD3002774D0 /* Info.plist */,
				A45E237B2015EBE1002774D0 /* SWRevealController-Bridging-Header.h */,
				A45E237F2015EEDB002774D0 /* SidebarTableViewController.swift */,
			);
			path = SWRevealController;
			sourceTree = "<group>";
		};
		A45E23612015EBD3002774D0 /* SWRevealControllerTests */ = {
			isa = PBXGroup;
			children = (
				A45E23622015EBD3002774D0 /* SWRevealControllerTests.swift */,
				A45E23642015EBD3002774D0 /* Info.plist */,
			);
			path = SWRevealControllerTests;
			sourceTree = "<group>";
		};
		A45E236C2015EBD3002774D0 /* SWRevealControllerUITests */ = {
			isa = PBXGroup;
			children = (
				A45E236D2015EBD3002774D0 /* SWRevealControllerUITests.swift */,
				A45E236F2015EBD3002774D0 /* Info.plist */,
			);
			path = SWRevealControllerUITests;
			sourceTree = "<group>";
		};
/* End PBXGroup section */

/* Begin PBXNativeTarget section */
		A45E23492015EBD3002774D0 /* SWRevealController */ = {
			isa = PBXNativeTarget;
			buildConfigurationList = A45E23722015EBD3002774D0 /* Build configuration list for PBXNativeTarget "SWRevealController" */;
			buildPhases = (
				A45E23462015EBD3002774D0 /* Sources */,
				A45E23472015EBD3002774D0 /* Frameworks */,
				A45E23482015EBD3002774D0 /* Resources */,
			);
			buildRules = (
			);
			dependencies = (
			);
			name = SWRevealController;
			productName = SWRevealController;
			productReference = A45E234A2015EBD3002774D0 /* SWRevealController.app */;
			productType = "com.apple.product-type.application";
		};
		A45E235D2015EBD3002774D0 /* SWRevealControllerTests */ = {
			isa = PBXNativeTarget;
			buildConfigurationList = A45E23752015EBD3002774D0 /* Build configuration list for PBXNativeTarget "SWRevealControllerTests" */;
			buildPhases = (
				A45E235A2015EBD3002774D0 /* Sources */,
				A45E235B2015EBD3002774D0 /* Frameworks */,
				A45E235C2015EBD3002774D0 /* Resources */,
			);
			buildRules = (
			);
			dependencies = (
				A45E23602015EBD3002774D0 /* PBXTargetDependency */,
			);
			name = SWRevealControllerTests;
			productName = SWRevealControllerTests;
			productReference = A45E235E2015EBD3002774D0 /* SWRevealControllerTests.xctest */;
			productType = "com.apple.product-type.bundle.unit-test";
		};
		A45E23682015EBD3002774D0 /* SWRevealControllerUITests */ = {
			isa = PBXNativeTarget;
			buildConfigurationList = A45E23782015EBD3002774D0 /* Build configuration list for PBXNativeTarget "SWRevealControllerUITests" */;
			buildPhases = (
				A45E23652015EBD3002774D0 /* Sources */,
				A45E23662015EBD3002774D0 /* Frameworks */,
				A45E23672015EBD3002774D0 /* Resources */,
			);
			buildRules = (
			);
			dependencies = (
				A45E236B2015EBD3002774D0 /* PBXTargetDependency */,
			);
			name = SWRevealControllerUITests;
			productName = SWRevealControllerUITests;
			productReference = A45E23692015EBD3002774D0 /* SWRevealControllerUITests.xctest */;
			productType = "com.apple.product-type.bundle.ui-testing";
		};
/* End PBXNativeTarget section */

/* Begin PBXProject section */
		A45E23422015EBD3002774D0 /* Project object */ = {
			isa = PBXProject;
			attributes = {
				LastSwiftUpdateCheck = 0910;
				LastUpgradeCheck = 0910;
				ORGANIZATIONNAME = "AFFIXUS IMAC1";
				TargetAttributes = {
					A45E23492015EBD3002774D0 = {
						CreatedOnToolsVersion = 9.1;
						LastSwiftMigration = 0910;
						ProvisioningStyle = Automatic;
					};
					A45E235D2015EBD3002774D0 = {
						CreatedOnToolsVersion = 9.1;
						ProvisioningStyle = Automatic;
						TestTargetID = A45E23492015EBD3002774D0;
					};
					A45E23682015EBD3002774D0 = {
						CreatedOnToolsVersion = 9.1;
						ProvisioningStyle = Automatic;
						TestTargetID = A45E23492015EBD3002774D0;
					};
				};
			};
			buildConfigurationList = A45E23452015EBD3002774D0 /* Build configuration list for PBXProject "SWRevealController" */;
			compatibilityVersion = "Xcode 8.0";
			developmentRegion = en;
			hasScannedForEncodings = 0;
			knownRegions = (
				en,
				Base,
			);
			mainGroup = A45E23412015EBD3002774D0;
			productRefGroup = A45E234B2015EBD3002774D0 /* Products */;
			projectDirPath = "";
			projectRoot = "";
			targets = (
				A45E23492015EBD3002774D0 /* SWRevealController */,
				A45E235D2015EBD3002774D0 /* SWRevealControllerTests */,
				A45E23682015EBD3002774D0 /* SWRevealControllerUITests */,
			);
		};
/* End PBXProject section */

/* Begin PBXResourcesBuildPhase section */
		A45E23482015EBD3002774D0 /* Resources */ = {
			isa = PBXResourcesBuildPhase;
			buildActionMask = 2147483647;
			files = (
				A45E23582015EBD3002774D0 /* LaunchScreen.storyboard in Resources */,
				A45E23552015EBD3002774D0 /* Assets.xcassets in Resources */,
				A45E23532015EBD3002774D0 /* Main.storyboard in Resources */,
			);
			runOnlyForDeploymentPostprocessing = 0;
		};
		A45E235C2015EBD3002774D0 /* Resources */ = {
			isa = PBXResourcesBuildPhase;
			buildActionMask = 2147483647;
			files = (
			);
			runOnlyForDeploymentPostprocessing = 0;
		};
		A45E23672015EBD3002774D0 /* Resources */ = {
			isa = PBXResourcesBuildPhase;
			buildActionMask = 2147483647;
			files = (
			);
			runOnlyForDeploymentPostprocessing = 0;
		};
/* End PBXResourcesBuildPhase section */

/* Begin PBXSourcesBuildPhase section */
		A45E23462015EBD3002774D0 /* Sources */ = {
			isa = PBXSourcesBuildPhase;
			buildActionMask = 2147483647;
			files = (
				A45E23802015EEDB002774D0 /* SidebarTableViewController.swift in Sources */,
				A45E23502015EBD3002774D0 /* ViewController.swift in Sources */,
				A45E234E2015EBD3002774D0 /* AppDelegate.swift in Sources */,
				A45E237E2015EBE2002774D0 /* SWRevealViewController.m in Sources */,
			);
			runOnlyForDeploymentPostprocessing = 0;
		};
		A45E235A2015EBD3002774D0 /* Sources */ = {
			isa = PBXSourcesBuildPhase;
			buildActionMask = 2147483647;
			files = (
				A45E23632015EBD3002774D0 /* SWRevealControllerTests.swift in Sources */,
			);
			runOnlyForDeploymentPostprocessing = 0;
		};
		A45E23652015EBD3002774D0 /* Sources */ = {
			isa = PBXSourcesBuildPhase;
			buildActionMask = 2147483647;
			files = (
				A45E236E2015EBD3002774D0 /* SWRevealControllerUITests.swift in Sources */,
			);
			runOnlyForDeploymentPostprocessing = 0;
		};
/* End PBXSourcesBuildPhase section */

/* Begin PBXTargetDependency section */
		A45E23602015EBD3002774D0 /* PBXTargetDependency */ = {
			isa = PBXTargetDependency;
			target = A45E23492015EBD3002774D0 /* SWRevealController */;
			targetProxy = A45E235F2015EBD3002774D0 /* PBXContainerItemProxy */;
		};
		A45E236B2015EBD3002774D0 /* PBXTargetDependency */ = {
			isa = PBXTargetDependency;
			target = A45E23492015EBD3002774D0 /* SWRevealController */;
			targetProxy = A45E236A2015EBD3002774D0 /* PBXContainerItemProxy */;
		};
/* End PBXTargetDependency section */

/* Begin PBXVariantGroup section */
		A45E23512015EBD3002774D0 /* Main.storyboard */ = {
			isa = PBXVariantGroup;
			children = (
				A45E23522015EBD3002774D0 /* Base */,
			);
			name = Main.storyboard;
			sourceTree = "<group>";
		};
		A45E23562015EBD3002774D0 /* LaunchScreen.storyboard */ = {
			isa = PBXVariantGroup;
			children = (
				A45E23572015EBD3002774D0 /* Base */,
			);
			name = LaunchScreen.storyboard;
			sourceTree = "<group>";
		};
/* End PBXVariantGroup section */

/* Begin XCBuildConfiguration section */
		A45E23702015EBD3002774D0 /* Debug */ = {
			isa = XCBuildConfiguration;
			buildSettings = {
				ALWAYS_SEARCH_USER_PATHS = NO;
				CLANG_ANALYZER_NONNULL = YES;
				CLANG_ANALYZER_NUMBER_OBJECT_CONVERSION = YES_AGGRESSIVE;
				CLANG_CXX_LANGUAGE_STANDARD = "gnu++14";
				CLANG_CXX_LIBRARY = "libc++";
				CLANG_ENABLE_MODULES = YES;
				CLANG_ENABLE_OBJC_ARC = YES;
				CLANG_WARN_BLOCK_CAPTURE_AUTORELEASING = YES;
				CLANG_WARN_BOOL_CONVERSION = YES;
				CLANG_WARN_COMMA = YES;
				CLANG_WARN_CONSTANT_CONVERSION = YES;
				CLANG_WARN_DIRECT_OBJC_ISA_USAGE = YES_ERROR;
				CLANG_WARN_DOCUMENTATION_COMMENTS = YES;
				CLANG_WARN_EMPTY_BODY = YES;
				CLANG_WARN_ENUM_CONVERSION = YES;
				CLANG_WARN_INFINITE_RECURSION = YES;
				CLANG_WARN_INT_CONVERSION = YES;
				CLANG_WARN_NON_LITERAL_NULL_CONVERSION = YES;
				CLANG_WARN_OBJC_LITERAL_CONVERSION = YES;
				CLANG_WARN_OBJC_ROOT_CLASS = YES_ERROR;
				CLANG_WARN_RANGE_LOOP_ANALYSIS = YES;
				CLANG_WARN_STRICT_PROTOTYPES = YES;
				CLANG_WARN_SUSPICIOUS_MOVE = YES;
				CLANG_WARN_UNGUARDED_AVAILABILITY = YES_AGGRESSIVE;
				CLANG_WARN_UNREACHABLE_CODE = YES;
				CLANG_WARN__DUPLICATE_METHOD_MATCH = YES;
				CODE_SIGN_IDENTITY = "iPhone Developer";
				COPY_PHASE_STRIP = NO;
				DEBUG_INFORMATION_FORMAT = dwarf;
				ENABLE_STRICT_OBJC_MSGSEND = YES;
				ENABLE_TESTABILITY = YES;
				GCC_C_LANGUAGE_STANDARD = gnu11;
				GCC_DYNAMIC_NO_PIC = NO;
				GCC_NO_COMMON_BLOCKS = YES;
				GCC_OPTIMIZATION_LEVEL = 0;
				GCC_PREPROCESSOR_DEFINITIONS = (
					"DEBUG=1",
					"$(inherited)",
				);
				GCC_WARN_64_TO_32_BIT_CONVERSION = YES;
				GCC_WARN_ABOUT_RETURN_TYPE = YES_ERROR;
				GCC_WARN_UNDECLARED_SELECTOR = YES;
				GCC_WARN_UNINITIALIZED_AUTOS = YES_AGGRESSIVE;
				GCC_WARN_UNUSED_FUNCTION = YES;
				GCC_WARN_UNUSED_VARIABLE = YES;
				IPHONEOS_DEPLOYMENT_TARGET = 11.1;
				MTL_ENABLE_DEBUG_INFO = YES;
				ONLY_ACTIVE_ARCH = YES;
				SDKROOT = iphoneos;
				SWIFT_ACTIVE_COMPILATION_CONDITIONS = DEBUG;
				SWIFT_OPTIMIZATION_LEVEL = "-Onone";
			};
			name = Debug;
		};
		A45E23712015EBD3002774D0 /* Release */ = {
			isa = XCBuildConfiguration;
			buildSettings = {
				ALWAYS_SEARCH_USER_PATHS = NO;
				CLANG_ANALYZER_NONNULL = YES;
				CLANG_ANALYZER_NUMBER_OBJECT_CONVERSION = YES_AGGRESSIVE;
				CLANG_CXX_LANGUAGE_STANDARD = "gnu++14";
				CLANG_CXX_LIBRARY = "libc++";
				CLANG_ENABLE_MODULES = YES;
				CLANG_ENABLE_OBJC_ARC = YES;
				CLANG_WARN_BLOCK_CAPTURE_AUTORELEASING = YES;
				CLANG_WARN_BOOL_CONVERSION = YES;
				CLANG_WARN_COMMA = YES;
				CLANG_WARN_CONSTANT_CONVERSION = YES;
				CLANG_WARN_DIRECT_OBJC_ISA_USAGE = YES_ERROR;
				CLANG_WARN_DOCUMENTATION_COMMENTS = YES;
				CLANG_WARN_EMPTY_BODY = YES;
				CLANG_WARN_ENUM_CONVERSION = YES;
				CLANG_WARN_INFINITE_RECURSION = YES;
				CLANG_WARN_INT_CONVERSION = YES;
				CLANG_WARN_NON_LITERAL_NULL_CONVERSION = YES;
				CLANG_WARN_OBJC_LITERAL_CONVERSION = YES;
				CLANG_WARN_OBJC_ROOT_CLASS = YES_ERROR;
				CLANG_WARN_RANGE_LOOP_ANALYSIS = YES;
				CLANG_WARN_STRICT_PROTOTYPES = YES;
				CLANG_WARN_SUSPICIOUS_MOVE = YES;
				CLANG_WARN_UNGUARDED_AVAILABILITY = YES_AGGRESSIVE;
				CLANG_WARN_UNREACHABLE_CODE = YES;
				CLANG_WARN__DUPLICATE_METHOD_MATCH = YES;
				CODE_SIGN_IDENTITY = "iPhone Developer";
				COPY_PHASE_STRIP = NO;
				DEBUG_INFORMATION_FORMAT = "dwarf-with-dsym";
				ENABLE_NS_ASSERTIONS = NO;
				ENABLE_STRICT_OBJC_MSGSEND = YES;
				GCC_C_LANGUAGE_STANDARD = gnu11;
				GCC_NO_COMMON_BLOCKS = YES;
				GCC_WARN_64_TO_32_BIT_CONVERSION = YES;
				GCC_WARN_ABOUT_RETURN_TYPE = YES_ERROR;
				GCC_WARN_UNDECLARED_SELECTOR = YES;
				GCC_WARN_UNINITIALIZED_AUTOS = YES_AGGRESSIVE;
				GCC_WARN_UNUSED_FUNCTION = YES;
				GCC_WARN_UNUSED_VARIABLE = YES;
				IPHONEOS_DEPLOYMENT_TARGET = 11.1;
				MTL_ENABLE_DEBUG_INFO = NO;
				SDKROOT = iphoneos;
				SWIFT_OPTIMIZATION_LEVEL = "-Owholemodule";
				VALIDATE_PRODUCT = YES;
			};
			name = Release;
		};
		A45E23732015EBD3002774D0 /* Debug */ = {
			isa = XCBuildConfiguration;
			buildSettings = {
				ASSETCATALOG_COMPILER_APPICON_NAME = AppIcon;
				CLANG_ENABLE_MODULES = YES;
				CODE_SIGN_STYLE = Automatic;
				INFOPLIST_FILE = SWRevealController/Info.plist;
				LD_RUNPATH_SEARCH_PATHS = "$(inherited) @executable_path/Frameworks";
				PRODUCT_BUNDLE_IDENTIFIER = affixus.SWRevealController;
				PRODUCT_NAME = "$(TARGET_NAME)";
				SWIFT_OBJC_BRIDGING_HEADER = "SWRevealController/SWRevealController-Bridging-Header.h";
				SWIFT_OPTIMIZATION_LEVEL = "-Onone";
				SWIFT_VERSION = 4.0;
				TARGETED_DEVICE_FAMILY = "1,2";
			};
			name = Debug;
		};
		A45E23742015EBD3002774D0 /* Release */ = {
			isa = XCBuildConfiguration;
			buildSettings = {
				ASSETCATALOG_COMPILER_APPICON_NAME = AppIcon;
				CLANG_ENABLE_MODULES = YES;
				CODE_SIGN_STYLE = Automatic;
				INFOPLIST_FILE = SWRevealController/Info.plist;
				LD_RUNPATH_SEARCH_PATHS = "$(inherited) @executable_path/Frameworks";
				PRODUCT_BUNDLE_IDENTIFIER = affixus.SWRevealController;
				PRODUCT_NAME = "$(TARGET_NAME)";
				SWIFT_OBJC_BRIDGING_HEADER = "SWRevealController/SWRevealController-Bridging-Header.h";
				SWIFT_VERSION = 4.0;
				TARGETED_DEVICE_FAMILY = "1,2";
			};
			name = Release;
		};
		A45E23762015EBD3002774D0 /* Debug */ = {
			isa = XCBuildConfiguration;
			buildSettings = {
				ALWAYS_EMBED_SWIFT_STANDARD_LIBRARIES = YES;
				BUNDLE_LOADER = "$(TEST_HOST)";
				CODE_SIGN_STYLE = Automatic;
				INFOPLIST_FILE = SWRevealControllerTests/Info.plist;
				LD_RUNPATH_SEARCH_PATHS = "$(inherited) @executable_path/Frameworks @loader_path/Frameworks";
				PRODUCT_BUNDLE_IDENTIFIER = affixus.SWRevealControllerTests;
				PRODUCT_NAME = "$(TARGET_NAME)";
				SWIFT_VERSION = 4.0;
				TARGETED_DEVICE_FAMILY = "1,2";
				TEST_HOST = "$(BUILT_PRODUCTS_DIR)/SWRevealController.app/SWRevealController";
			};
			name = Debug;
		};
		A45E23772015EBD3002774D0 /* Release */ = {
			isa = XCBuildConfiguration;
			buildSettings = {
				ALWAYS_EMBED_SWIFT_STANDARD_LIBRARIES = YES;
				BUNDLE_LOADER = "$(TEST_HOST)";
				CODE_SIGN_STYLE = Automatic;
				INFOPLIST_FILE = SWRevealControllerTests/Info.plist;
				LD_RUNPATH_SEARCH_PATHS = "$(inherited) @executable_path/Frameworks @loader_path/Frameworks";
				PRODUCT_BUNDLE_IDENTIFIER = affixus.SWRevealControllerTests;
				PRODUCT_NAME = "$(TARGET_NAME)";
				SWIFT_VERSION = 4.0;
				TARGETED_DEVICE_FAMILY = "1,2";
				TEST_HOST = "$(BUILT_PRODUCTS_DIR)/SWRevealController.app/SWRevealController";
			};
			name = Release;
		};
		A45E23792015EBD3002774D0 /* Debug */ = {
			isa = XCBuildConfiguration;
			buildSettings = {
				ALWAYS_EMBED_SWIFT_STANDARD_LIBRARIES = YES;
				CODE_SIGN_STYLE = Automatic;
				INFOPLIST_FILE = SWRevealControllerUITests/Info.plist;
				LD_RUNPATH_SEARCH_PATHS = "$(inherited) @executable_path/Frameworks @loader_path/Frameworks";
				PRODUCT_BUNDLE_IDENTIFIER = affixus.SWRevealControllerUITests;
				PRODUCT_NAME = "$(TARGET_NAME)";
				SWIFT_VERSION = 4.0;
				TARGETED_DEVICE_FAMILY = "1,2";
				TEST_TARGET_NAME = SWRevealController;
			};
			name = Debug;
		};
		A45E237A2015EBD3002774D0 /* Release */ = {
			isa = XCBuildConfiguration;
			buildSettings = {
				ALWAYS_EMBED_SWIFT_STANDARD_LIBRARIES = YES;
				CODE_SIGN_STYLE = Automatic;
				INFOPLIST_FILE = SWRevealControllerUITests/Info.plist;
				LD_RUNPATH_SEARCH_PATHS = "$(inherited) @executable_path/Frameworks @loader_path/Frameworks";
				PRODUCT_BUNDLE_IDENTIFIER = affixus.SWRevealControllerUITests;
				PRODUCT_NAME = "$(TARGET_NAME)";
				SWIFT_VERSION = 4.0;
				TARGETED_DEVICE_FAMILY = "1,2";
				TEST_TARGET_NAME = SWRevealController;
			};
			name = Release;
		};
/* End XCBuildConfiguration section */

/* Begin XCConfigurationList section */
		A45E23452015EBD3002774D0 /* Build configuration list for PBXProject "SWRevealController" */ = {
			isa = XCConfigurationList;
			buildConfigurations = (
				A45E23702015EBD3002774D0 /* Debug */,
				A45E23712015EBD3002774D0 /* Release */,
			);
			defaultConfigurationIsVisible = 0;
			defaultConfigurationName = Release;
		};
		A45E23722015EBD3002774D0 /* Build configuration list for PBXNativeTarget "SWRevealController" */ = {
			isa = XCConfigurationList;
			buildConfigurations = (
				A45E23732015EBD3002774D0 /* Debug */,
				A45E23742015EBD3002774D0 /* Release */,
			);
			defaultConfigurationIsVisible = 0;
			defaultConfigurationName = Release;
		};
		A45E23752015EBD3002774D0 /* Build configuration list for PBXNativeTarget "SWRevealControllerTests" */ = {
			isa = XCConfigurationList;
			buildConfigurations = (
				A45E23762015EBD3002774D0 /* Debug */,
				A45E23772015EBD3002774D0 /* Release */,
			);
			defaultConfigurationIsVisible = 0;
			defaultConfigurationName = Release;
		};
		A45E23782015EBD3002774D0 /* Build configuration list for PBXNativeTarget "SWRevealControllerUITests" */ = {
			isa = XCConfigurationList;
			buildConfigurations = (
				A45E23792015EBD3002774D0 /* Debug */,
				A45E237A2015EBD3002774D0 /* Release */,
			);
			defaultConfigurationIsVisible = 0;
			defaultConfigurationName = Release;
		};
/* End XCConfigurationList section */
	};
	rootObject = A45E23422015EBD3002774D0 /* Project object */;
}
